{
  "name": "structured-log-cosmosdocumentdb-sink",
  "version": "1.0.0",
  "lockfileVersion": 1,
  "requires": true,
  "dependencies": {
    "big-integer": {
      "version": "1.6.36",
      "resolved": "https://braspag.pkgs.visualstudio.com/_packaging/Braspag_Js/npm/registry/big-integer/-/big-integer-1.6.36.tgz",
      "integrity": "sha1-eGMQdiZdSuNVXAT4Xn2dLzoHGjY="
    },
    "binary-search-bounds": {
      "version": "2.0.3",
      "resolved": "https://braspag.pkgs.visualstudio.com/_packaging/Braspag_Js/npm/registry/binary-search-bounds/-/binary-search-bounds-2.0.3.tgz",
      "integrity": "sha1-X/hhbW3SylOIvIWy1iZuK52lAtw="
    },
    "documentdb": {
      "version": "1.14.5",
      "resolved": "https://braspag.pkgs.visualstudio.com/_packaging/Braspag_Js/npm/registry/documentdb/-/documentdb-1.14.5.tgz",
      "integrity": "sha1-NWhR8KpefxiuDtIC3g3ROwWz92I=",
      "requires": {
        "big-integer": "^1.6.25",
        "binary-search-bounds": "2.0.3",
        "int64-buffer": "^0.1.9",
        "priorityqueuejs": "1.0.0",
        "semaphore": "1.0.5",
        "tunnel": "0.0.5",
        "underscore": "1.8.3"
      }
    },
    "documentdb-typescript": {
      "version": "1.0.7",
      "resolved": "https://braspag.pkgs.visualstudio.com/_packaging/Braspag_Js/npm/registry/documentdb-typescript/-/documentdb-typescript-1.0.7.tgz",
      "integrity": "sha1-ha3cTG0nYM0KosN4jGJFzyqpj9w=",
      "requires": {
        "documentdb": "^1.12.0"
      }
    },
    "int64-buffer": {
      "version": "0.1.10",
      "resolved": "https://braspag.pkgs.visualstudio.com/_packaging/Braspag_Js/npm/registry/int64-buffer/-/int64-buffer-0.1.10.tgz",
      "integrity": "sha1-J3siiofZWtd30HwTgyAiQGpHNCM="
    },
    "priorityqueuejs": {
      "version": "1.0.0",
      "resolved": "https://braspag.pkgs.visualstudio.com/_packaging/Braspag_Js/npm/registry/priorityqueuejs/-/priorityqueuejs-1.0.0.tgz",
      "integrity": "sha1-LuTyPCVgkT4IwHzlzN1t498sWvg="
    },
    "semaphore": {
      "version": "1.0.5",
      "resolved": "https://braspag.pkgs.visualstudio.com/_packaging/Braspag_Js/npm/registry/semaphore/-/semaphore-1.0.5.tgz",
      "integrity": "sha1-tJJXbmavGT25XWXiXsU/Xxl5jWA="
    },
    "structured-log": {
      "version": "0.2.0",
      "resolved": "https://braspag.pkgs.visualstudio.com/_packaging/Braspag_Js/npm/registry/structured-log/-/structured-log-0.2.0.tgz",
      "integrity": "sha1-ub4XlMOdY5nyZWZrhGNaMwdhHFs="
    },
    "tunnel": {
      "version": "0.0.5",
      "resolved": "https://braspag.pkgs.visualstudio.com/_packaging/Braspag_Js/npm/registry/tunnel/-/tunnel-0.0.5.tgz",
      "integrity": "sha1-0VMiVHSe02Yg/NEBCGVJWh+p0K4="
    },
    "underscore": {
      "version": "1.8.3",
      "resolved": "https://braspag.pkgs.visualstudio.com/_packaging/Braspag_Js/npm/registry/underscore/-/underscore-1.8.3.tgz",
      "integrity": "sha1-Tz+1OxBuYJf8+ctBCfKl6b36UCI="
    }
  }
}
